// !$*UTF8*$!
{
	archiveVersion = 1;
	classes = {
	};
	objectVersion = 50;
	objects = {

/* Begin PBXBuildFile section */
		17172C8520CC33DE00DE3134 /* AppDelegate.swift in Sources */ = {isa = PBXBuildFile; fileRef = 17172C8420CC33DE00DE3134 /* AppDelegate.swift */; };
		17172C8720CC33DE00DE3134 /* ListViewController.swift in Sources */ = {isa = PBXBuildFile; fileRef = 17172C8620CC33DE00DE3134 /* ListViewController.swift */; };
		17172C8C20CC33DF00DE3134 /* Assets.xcassets in Resources */ = {isa = PBXBuildFile; fileRef = 17172C8B20CC33DF00DE3134 /* Assets.xcassets */; };
		17172C8F20CC33DF00DE3134 /* LaunchScreen.storyboard in Resources */ = {isa = PBXBuildFile; fileRef = 17172C8D20CC33DF00DE3134 /* LaunchScreen.storyboard */; };
		17172C9A20CC33E000DE3134 /* TastOfHomeV3Tests.swift in Sources */ = {isa = PBXBuildFile; fileRef = 17172C9920CC33E000DE3134 /* TastOfHomeV3Tests.swift */; };
		17172CA520CC33E000DE3134 /* TastOfHomeV3UITests.swift in Sources */ = {isa = PBXBuildFile; fileRef = 17172CA420CC33E000DE3134 /* TastOfHomeV3UITests.swift */; };
		17172CB320CC348400DE3134 /* ItemCard.swift in Sources */ = {isa = PBXBuildFile; fileRef = 17172CB220CC348400DE3134 /* ItemCard.swift */; };
		17172CB520CC402500DE3134 /* SDWebImage.framework in Frameworks */ = {isa = PBXBuildFile; fileRef = 17172CB420CC402500DE3134 /* SDWebImage.framework */; };
		17172CB620CC40A600DE3134 /* SDWebImage.framework in Frameworks */ = {isa = PBXBuildFile; fileRef = 17172CB420CC402500DE3134 /* SDWebImage.framework */; };
		17172CB720CC40A600DE3134 /* SDWebImage.framework in Embed Frameworks */ = {isa = PBXBuildFile; fileRef = 17172CB420CC402500DE3134 /* SDWebImage.framework */; settings = {ATTRIBUTES = (CodeSignOnCopy, RemoveHeadersOnCopy, ); }; };
/* End PBXBuildFile section */

/* Begin PBXContainerItemProxy section */
		17172C9620CC33E000DE3134 /* PBXContainerItemProxy */ = {
			isa = PBXContainerItemProxy;
			containerPortal = 17172C7920CC33DE00DE3134 /* Project object */;
			proxyType = 1;
			remoteGlobalIDString = 17172C8020CC33DE00DE3134;
			remoteInfo = TastOfHomeV3;
		};
		17172CA120CC33E000DE3134 /* PBXContainerItemProxy */ = {
			isa = PBXContainerItemProxy;
			containerPortal = 17172C7920CC33DE00DE3134 /* Project object */;
			proxyType = 1;
			remoteGlobalIDString = 17172C8020CC33DE00DE3134;
			remoteInfo = TastOfHomeV3;
		};
/* End PBXContainerItemProxy section */

/* Begin PBXCopyFilesBuildPhase section */
		17172CB820CC40A600DE3134 /* Embed Frameworks */ = {
			isa = PBXCopyFilesBuildPhase;
			buildActionMask = 2147483647;
			dstPath = "";
			dstSubfolderSpec = 10;
			files = (
				17172CB720CC40A600DE3134 /* SDWebImage.framework in Embed Frameworks */,
			);
			name = "Embed Frameworks";
			runOnlyForDeploymentPostprocessing = 0;
		};
/* End PBXCopyFilesBuildPhase section */

/* Begin PBXFileReference section */
		17172C8120CC33DE00DE3134 /* TastOfHomeV3.app */ = {isa = PBXFileReference; explicitFileType = wrapper.application; includeInIndex = 0; path = TastOfHomeV3.app; sourceTree = BUILT_PRODUCTS_DIR; };
		17172C8420CC33DE00DE3134 /* AppDelegate.swift */ = {isa = PBXFileReference; lastKnownFileType = sourcecode.swift; path = AppDelegate.swift; sourceTree = "<group>"; };
		17172C8620CC33DE00DE3134 /* ListViewController.swift */ = {isa = PBXFileReference; lastKnownFileType = sourcecode.swift; path = ListViewController.swift; sourceTree = "<group>"; };
		17172C8B20CC33DF00DE3134 /* Assets.xcassets */ = {isa = PBXFileReference; lastKnownFileType = folder.assetcatalog; path = Assets.xcassets; sourceTree = "<group>"; };
		17172C8E20CC33DF00DE3134 /* Base */ = {isa = PBXFileReference; lastKnownFileType = file.storyboard; name = Base; path = Base.lproj/LaunchScreen.storyboard; sourceTree = "<group>"; };
		17172C9020CC33DF00DE3134 /* Info.plist */ = {isa = PBXFileReference; lastKnownFileType = text.plist.xml; path = Info.plist; sourceTree = "<group>"; };
		17172C9520CC33E000DE3134 /* TastOfHomeV3Tests.xctest */ = {isa = PBXFileReference; explicitFileType = wrapper.cfbundle; includeInIndex = 0; path = TastOfHomeV3Tests.xctest; sourceTree = BUILT_PRODUCTS_DIR; };
		17172C9920CC33E000DE3134 /* TastOfHomeV3Tests.swift */ = {isa = PBXFileReference; lastKnownFileType = sourcecode.swift; path = TastOfHomeV3Tests.swift; sourceTree = "<group>"; };
		17172C9B20CC33E000DE3134 /* Info.plist */ = {isa = PBXFileReference; lastKnownFileType = text.plist.xml; path = Info.plist; sourceTree = "<group>"; };
		17172CA020CC33E000DE3134 /* TastOfHomeV3UITests.xctest */ = {isa = PBXFileReference; explicitFileType = wrapper.cfbundle; includeInIndex = 0; path = TastOfHomeV3UITests.xctest; sourceTree = BUILT_PRODUCTS_DIR; };
		17172CA420CC33E000DE3134 /* TastOfHomeV3UITests.swift */ = {isa = PBXFileReference; lastKnownFileType = sourcecode.swift; path = TastOfHomeV3UITests.swift; sourceTree = "<group>"; };
		17172CA620CC33E000DE3134 /* Info.plist */ = {isa = PBXFileReference; lastKnownFileType = text.plist.xml; path = Info.plist; sourceTree = "<group>"; };
		17172CB220CC348400DE3134 /* ItemCard.swift */ = {isa = PBXFileReference; lastKnownFileType = sourcecode.swift; path = ItemCard.swift; sourceTree = "<group>"; };
		17172CB420CC402500DE3134 /* SDWebImage.framework */ = {isa = PBXFileReference; lastKnownFileType = wrapper.framework; name = SDWebImage.framework; path = Carthage/Build/iOS/SDWebImage.framework; sourceTree = "<group>"; };
/* End PBXFileReference section */

/* Begin PBXFrameworksBuildPhase section */
		17172C7E20CC33DE00DE3134 /* Frameworks */ = {
			isa = PBXFrameworksBuildPhase;
			buildActionMask = 2147483647;
			files = (
				17172CB620CC40A600DE3134 /* SDWebImage.framework in Frameworks */,
				17172CB520CC402500DE3134 /* SDWebImage.framework in Frameworks */,
			);
			runOnlyForDeploymentPostprocessing = 0;
		};
		17172C9220CC33E000DE3134 /* Frameworks */ = {
			isa = PBXFrameworksBuildPhase;
			buildActionMask = 2147483647;
			files = (
			);
			runOnlyForDeploymentPostprocessing = 0;
		};
		17172C9D20CC33E000DE3134 /* Frameworks */ = {
			isa = PBXFrameworksBuildPhase;
			buildActionMask = 2147483647;
			files = (
			);
			runOnlyForDeploymentPostprocessing = 0;
		};
/* End PBXFrameworksBuildPhase section */

/* Begin PBXGroup section */
		17172C7820CC33DE00DE3134 = {
			isa = PBXGroup;
			children = (
				17172CB420CC402500DE3134 /* SDWebImage.framework */,
				17172C8320CC33DE00DE3134 /* TastOfHomeV3 */,
				17172C9820CC33E000DE3134 /* TastOfHomeV3Tests */,
				17172CA320CC33E000DE3134 /* TastOfHomeV3UITests */,
				17172C8220CC33DE00DE3134 /* Products */,
			);
			sourceTree = "<group>";
		};
		17172C8220CC33DE00DE3134 /* Products */ = {
			isa = PBXGroup;
			children = (
				17172C8120CC33DE00DE3134 /* TastOfHomeV3.app */,
				17172C9520CC33E000DE3134 /* TastOfHomeV3Tests.xctest */,
				17172CA020CC33E000DE3134 /* TastOfHomeV3UITests.xctest */,
			);
			name = Products;
			sourceTree = "<group>";
		};
		17172C8320CC33DE00DE3134 /* TastOfHomeV3 */ = {
			isa = PBXGroup;
			children = (
				17172C8420CC33DE00DE3134 /* AppDelegate.swift */,
				17172C8620CC33DE00DE3134 /* ListViewController.swift */,
				17172CB220CC348400DE3134 /* ItemCard.swift */,
				17172C8B20CC33DF00DE3134 /* Assets.xcassets */,
				17172C8D20CC33DF00DE3134 /* LaunchScreen.storyboard */,
				17172C9020CC33DF00DE3134 /* Info.plist */,
			);
			path = TastOfHomeV3;
			sourceTree = "<group>";
		};
		17172C9820CC33E000DE3134 /* TastOfHomeV3Tests */ = {
			isa = PBXGroup;
			children = (
				17172C9920CC33E000DE3134 /* TastOfHomeV3Tests.swift */,
				17172C9B20CC33E000DE3134 /* Info.plist */,
			);
			path = TastOfHomeV3Tests;
			sourceTree = "<group>";
		};
		17172CA320CC33E000DE3134 /* TastOfHomeV3UITests */ = {
			isa = PBXGroup;
			children = (
				17172CA420CC33E000DE3134 /* TastOfHomeV3UITests.swift */,
				17172CA620CC33E000DE3134 /* Info.plist */,
			);
			path = TastOfHomeV3UITests;
			sourceTree = "<group>";
		};
/* End PBXGroup section */

/* Begin PBXNativeTarget section */
		17172C8020CC33DE00DE3134 /* TastOfHomeV3 */ = {
			isa = PBXNativeTarget;
			buildConfigurationList = 17172CA920CC33E000DE3134 /* Build configuration list for PBXNativeTarget "TastOfHomeV3" */;
			buildPhases = (
				17172C7D20CC33DE00DE3134 /* Sources */,
				17172C7E20CC33DE00DE3134 /* Frameworks */,
				17172C7F20CC33DE00DE3134 /* Resources */,
				17172CB820CC40A600DE3134 /* Embed Frameworks */,
			);
			buildRules = (
			);
			dependencies = (
			);
			name = TastOfHomeV3;
			productName = TastOfHomeV3;
			productReference = 17172C8120CC33DE00DE3134 /* TastOfHomeV3.app */;
			productType = "com.apple.product-type.application";
		};
		17172C9420CC33E000DE3134 /* TastOfHomeV3Tests */ = {
			isa = PBXNativeTarget;
			buildConfigurationList = 17172CAC20CC33E000DE3134 /* Build configuration list for PBXNativeTarget "TastOfHomeV3Tests" */;
			buildPhases = (
				17172C9120CC33E000DE3134 /* Sources */,
				17172C9220CC33E000DE3134 /* Frameworks */,
				17172C9320CC33E000DE3134 /* Resources */,
			);
			buildRules = (
			);
			dependencies = (
				17172C9720CC33E000DE3134 /* PBXTargetDependency */,
			);
			name = TastOfHomeV3Tests;
			productName = TastOfHomeV3Tests;
			productReference = 17172C9520CC33E000DE3134 /* TastOfHomeV3Tests.xctest */;
			productType = "com.apple.product-type.bundle.unit-test";
		};
		17172C9F20CC33E000DE3134 /* TastOfHomeV3UITests */ = {
			isa = PBXNativeTarget;
			buildConfigurationList = 17172CAF20CC33E000DE3134 /* Build configuration list for PBXNativeTarget "TastOfHomeV3UITests" */;
			buildPhases = (
				17172C9C20CC33E000DE3134 /* Sources */,
				17172C9D20CC33E000DE3134 /* Frameworks */,
				17172C9E20CC33E000DE3134 /* Resources */,
			);
			buildRules = (
			);
			dependencies = (
				17172CA220CC33E000DE3134 /* PBXTargetDependency */,
			);
			name = TastOfHomeV3UITests;
			productName = TastOfHomeV3UITests;
			productReference = 17172CA020CC33E000DE3134 /* TastOfHomeV3UITests.xctest */;
			productType = "com.apple.product-type.bundle.ui-testing";
		};
/* End PBXNativeTarget section */

/* Begin PBXProject section */
		17172C7920CC33DE00DE3134 /* Project object */ = {
			isa = PBXProject;
			attributes = {
				LastSwiftUpdateCheck = 0940;
				LastUpgradeCheck = 0940;
				ORGANIZATIONNAME = "Fan Chen";
				TargetAttributes = {
					17172C8020CC33DE00DE3134 = {
						CreatedOnToolsVersion = 9.4;
					};
					17172C9420CC33E000DE3134 = {
						CreatedOnToolsVersion = 9.4;
						TestTargetID = 17172C8020CC33DE00DE3134;
					};
					17172C9F20CC33E000DE3134 = {
						CreatedOnToolsVersion = 9.4;
						TestTargetID = 17172C8020CC33DE00DE3134;
					};
				};
			};
			buildConfigurationList = 17172C7C20CC33DE00DE3134 /* Build configuration list for PBXProject "TastOfHomeV3" */;
			compatibilityVersion = "Xcode 9.3";
			developmentRegion = en;
			hasScannedForEncodings = 0;
			knownRegions = (
				en,
				Base,
			);
			mainGroup = 17172C7820CC33DE00DE3134;
			productRefGroup = 17172C8220CC33DE00DE3134 /* Products */;
			projectDirPath = "";
			projectRoot = "";
			targets = (
				17172C8020CC33DE00DE3134 /* TastOfHomeV3 */,
				17172C9420CC33E000DE3134 /* TastOfHomeV3Tests */,
				17172C9F20CC33E000DE3134 /* TastOfHomeV3UITests */,
			);
		};
/* End PBXProject section */

/* Begin PBXResourcesBuildPhase section */
		17172C7F20CC33DE00DE3134 /* Resources */ = {
			isa = PBXResourcesBuildPhase;
			buildActionMask = 2147483647;
			files = (
				17172C8F20CC33DF00DE3134 /* LaunchScreen.storyboard in Resources */,
				17172C8C20CC33DF00DE3134 /* Assets.xcassets in Resources */,
			);
			runOnlyForDeploymentPostprocessing = 0;
		};
		17172C9320CC33E000DE3134 /* Resources */ = {
			isa = PBXResourcesBuildPhase;
			buildActionMask = 2147483647;
			files = (
			);
			runOnlyForDeploymentPostprocessing = 0;
		};
		17172C9E20CC33E000DE3134 /* Resources */ = {
			isa = PBXResourcesBuildPhase;
			buildActionMask = 2147483647;
			files = (
			);
			runOnlyForDeploymentPostprocessing = 0;
		};
/* End PBXResourcesBuildPhase section */

/* Begin PBXSourcesBuildPhase section */
		17172C7D20CC33DE00DE3134 /* Sources */ = {
			isa = PBXSourcesBuildPhase;
			buildActionMask = 2147483647;
			files = (
				17172C8720CC33DE00DE3134 /* ListViewController.swift in Sources */,
				17172CB320CC348400DE3134 /* ItemCard.swift in Sources */,
				17172C8520CC33DE00DE3134 /* AppDelegate.swift in Sources */,
			);
			runOnlyForDeploymentPostprocessing = 0;
		};
		17172C9120CC33E000DE3134 /* Sources */ = {
			isa = PBXSourcesBuildPhase;
			buildActionMask = 2147483647;
			files = (
				17172C9A20CC33E000DE3134 /* TastOfHomeV3Tests.swift in Sources */,
			);
			runOnlyForDeploymentPostprocessing = 0;
		};
		17172C9C20CC33E000DE3134 /* Sources */ = {
			isa = PBXSourcesBuildPhase;
			buildActionMask = 2147483647;
			files = (
				17172CA520CC33E000DE3134 /* TastOfHomeV3UITests.swift in Sources */,
			);
			runOnlyForDeploymentPostprocessing = 0;
		};
/* End PBXSourcesBuildPhase section */

/* Begin PBXTargetDependency section */
		17172C9720CC33E000DE3134 /* PBXTargetDependency */ = {
			isa = PBXTargetDependency;
			target = 17172C8020CC33DE00DE3134 /* TastOfHomeV3 */;
			targetProxy = 17172C9620CC33E000DE3134 /* PBXContainerItemProxy */;
		};
		17172CA220CC33E000DE3134 /* PBXTargetDependency */ = {
			isa = PBXTargetDependency;
			target = 17172C8020CC33DE00DE3134 /* TastOfHomeV3 */;
			targetProxy = 17172CA120CC33E000DE3134 /* PBXContainerItemProxy */;
		};
/* End PBXTargetDependency section */

/* Begin PBXVariantGroup section */
		17172C8D20CC33DF00DE3134 /* LaunchScreen.storyboard */ = {
			isa = PBXVariantGroup;
			children = (
				17172C8E20CC33DF00DE3134 /* Base */,
			);
			name = LaunchScreen.storyboard;
			sourceTree = "<group>";
		};
/* End PBXVariantGroup section */

/* Begin XCBuildConfiguration section */
		17172CA720CC33E000DE3134 /* Debug */ = {
			isa = XCBuildConfiguration;
			buildSettings = {
				ALWAYS_SEARCH_USER_PATHS = NO;
				CLANG_ANALYZER_NONNULL = YES;
				CLANG_ANALYZER_NUMBER_OBJECT_CONVERSION = YES_AGGRESSIVE;
				CLANG_CXX_LANGUAGE_STANDARD = "gnu++14";
				CLANG_CXX_LIBRARY = "libc++";
				CLANG_ENABLE_MODULES = YES;
				CLANG_ENABLE_OBJC_ARC = YES;
				CLANG_ENABLE_OBJC_WEAK = YES;
				CLANG_WARN_BLOCK_CAPTURE_AUTORELEASING = YES;
				CLANG_WARN_BOOL_CONVERSION = YES;
				CLANG_WARN_COMMA = YES;
				CLANG_WARN_CONSTANT_CONVERSION = YES;
				CLANG_WARN_DEPRECATED_OBJC_IMPLEMENTATIONS = YES;
				CLANG_WARN_DIRECT_OBJC_ISA_USAGE = YES_ERROR;
				CLANG_WARN_DOCUMENTATION_COMMENTS = YES;
				CLANG_WARN_EMPTY_BODY = YES;
				CLANG_WARN_ENUM_CONVERSION = YES;
				CLANG_WARN_INFINITE_RECURSION = YES;
				CLANG_WARN_INT_CONVERSION = YES;
				CLANG_WARN_NON_LITERAL_NULL_CONVERSION = YES;
				CLANG_WARN_OBJC_IMPLICIT_RETAIN_SELF = YES;
				CLANG_WARN_OBJC_LITERAL_CONVERSION = YES;
				CLANG_WARN_OBJC_ROOT_CLASS = YES_ERROR;
				CLANG_WARN_RANGE_LOOP_ANALYSIS = YES;
				CLANG_WARN_STRICT_PROTOTYPES = YES;
				CLANG_WARN_SUSPICIOUS_MOVE = YES;
				CLANG_WARN_UNGUARDED_AVAILABILITY = YES_AGGRESSIVE;
				CLANG_WARN_UNREACHABLE_CODE = YES;
				CLANG_WARN__DUPLICATE_METHOD_MATCH = YES;
				CODE_SIGN_IDENTITY = "iPhone Developer";
				COPY_PHASE_STRIP = NO;
				DEBUG_INFORMATION_FORMAT = dwarf;
				ENABLE_STRICT_OBJC_MSGSEND = YES;
				ENABLE_TESTABILITY = YES;
				GCC_C_LANGUAGE_STANDARD = gnu11;
				GCC_DYNAMIC_NO_PIC = NO;
				GCC_NO_COMMON_BLOCKS = YES;
				GCC_OPTIMIZATION_LEVEL = 0;
				GCC_PREPROCESSOR_DEFINITIONS = (
					"DEBUG=1",
					"$(inherited)",
				);
				GCC_WARN_64_TO_32_BIT_CONVERSION = YES;
				GCC_WARN_ABOUT_RETURN_TYPE = YES_ERROR;
				GCC_WARN_UNDECLARED_SELECTOR = YES;
				GCC_WARN_UNINITIALIZED_AUTOS = YES_AGGRESSIVE;
				GCC_WARN_UNUSED_FUNCTION = YES;
				GCC_WARN_UNUSED_VARIABLE = YES;
				IPHONEOS_DEPLOYMENT_TARGET = 11.4;
				MTL_ENABLE_DEBUG_INFO = YES;
				ONLY_ACTIVE_ARCH = YES;
				SDKROOT = iphoneos;
				SWIFT_ACTIVE_COMPILATION_CONDITIONS = DEBUG;
				SWIFT_OPTIMIZATION_LEVEL = "-Onone";
			};
			name = Debug;
		};
		17172CA820CC33E000DE3134 /* Release */ = {
			isa = XCBuildConfiguration;
			buildSettings = {
				ALWAYS_SEARCH_USER_PATHS = NO;
				CLANG_ANALYZER_NONNULL = YES;
				CLANG_ANALYZER_NUMBER_OBJECT_CONVERSION = YES_AGGRESSIVE;
				CLANG_CXX_LANGUAGE_STANDARD = "gnu++14";
				CLANG_CXX_LIBRARY = "libc++";
				CLANG_ENABLE_MODULES = YES;
				CLANG_ENABLE_OBJC_ARC = YES;
				CLANG_ENABLE_OBJC_WEAK = YES;
				CLANG_WARN_BLOCK_CAPTURE_AUTORELEASING = YES;
				CLANG_WARN_BOOL_CONVERSION = YES;
				CLANG_WARN_COMMA = YES;
				CLANG_WARN_CONSTANT_CONVERSION = YES;
				CLANG_WARN_DEPRECATED_OBJC_IMPLEMENTATIONS = YES;
				CLANG_WARN_DIRECT_OBJC_ISA_USAGE = YES_ERROR;
				CLANG_WARN_DOCUMENTATION_COMMENTS = YES;
				CLANG_WARN_EMPTY_BODY = YES;
				CLANG_WARN_ENUM_CONVERSION = YES;
				CLANG_WARN_INFINITE_RECURSION = YES;
				CLANG_WARN_INT_CONVERSION = YES;
				CLANG_WARN_NON_LITERAL_NULL_CONVERSION = YES;
				CLANG_WARN_OBJC_IMPLICIT_RETAIN_SELF = YES;
				CLANG_WARN_OBJC_LITERAL_CONVERSION = YES;
				CLANG_WARN_OBJC_ROOT_CLASS = YES_ERROR;
				CLANG_WARN_RANGE_LOOP_ANALYSIS = YES;
				CLANG_WARN_STRICT_PROTOTYPES = YES;
				CLANG_WARN_SUSPICIOUS_MOVE = YES;
				CLANG_WARN_UNGUARDED_AVAILABILITY = YES_AGGRESSIVE;
				CLANG_WARN_UNREACHABLE_CODE = YES;
				CLANG_WARN__DUPLICATE_METHOD_MATCH = YES;
				CODE_SIGN_IDENTITY = "iPhone Developer";
				COPY_PHASE_STRIP = NO;
				DEBUG_INFORMATION_FORMAT = "dwarf-with-dsym";
				ENABLE_NS_ASSERTIONS = NO;
				ENABLE_STRICT_OBJC_MSGSEND = YES;
				GCC_C_LANGUAGE_STANDARD = gnu11;
				GCC_NO_COMMON_BLOCKS = YES;
				GCC_WARN_64_TO_32_BIT_CONVERSION = YES;
				GCC_WARN_ABOUT_RETURN_TYPE = YES_ERROR;
				GCC_WARN_UNDECLARED_SELECTOR = YES;
				GCC_WARN_UNINITIALIZED_AUTOS = YES_AGGRESSIVE;
				GCC_WARN_UNUSED_FUNCTION = YES;
				GCC_WARN_UNUSED_VARIABLE = YES;
				IPHONEOS_DEPLOYMENT_TARGET = 11.4;
				MTL_ENABLE_DEBUG_INFO = NO;
				SDKROOT = iphoneos;
				SWIFT_COMPILATION_MODE = wholemodule;
				SWIFT_OPTIMIZATION_LEVEL = "-O";
				VALIDATE_PRODUCT = YES;
			};
			name = Release;
		};
		17172CAA20CC33E000DE3134 /* Debug */ = {
			isa = XCBuildConfiguration;
			buildSettings = {
				ASSETCATALOG_COMPILER_APPICON_NAME = AppIcon;
				CODE_SIGN_STYLE = Automatic;
				DEVELOPMENT_TEAM = H9AG8MMMTC;
				FRAMEWORK_SEARCH_PATHS = (
					"$(inherited)",
					"$(PROJECT_DIR)/Carthage/Build/iOS",
				);
				INFOPLIST_FILE = TastOfHomeV3/Info.plist;
				LD_RUNPATH_SEARCH_PATHS = (
					"$(inherited)",
					"@executable_path/Frameworks",
				);
				PRODUCT_BUNDLE_IDENTIFIER = fchen.TastOfHomeV3;
				PRODUCT_NAME = "$(TARGET_NAME)";
				SWIFT_VERSION = 4.0;
				TARGETED_DEVICE_FAMILY = "1,2";
			};
			name = Debug;
		};
		17172CAB20CC33E000DE3134 /* Release */ = {
			isa = XCBuildConfiguration;
			buildSettings = {
				ASSETCATALOG_COMPILER_APPICON_NAME = AppIcon;
				CODE_SIGN_STYLE = Automatic;
				DEVELOPMENT_TEAM = H9AG8MMMTC;
				FRAMEWORK_SEARCH_PATHS = (
					"$(inherited)",
					"$(PROJECT_DIR)/Carthage/Build/iOS",
				);
				INFOPLIST_FILE = TastOfHomeV3/Info.plist;
				LD_RUNPATH_SEARCH_PATHS = (
					"$(inherited)",
					"@executable_path/Frameworks",
				);
				PRODUCT_BUNDLE_IDENTIFIER = fchen.TastOfHomeV3;
				PRODUCT_NAME = "$(TARGET_NAME)";
				SWIFT_VERSION = 4.0;
				TARGETED_DEVICE_FAMILY = "1,2";
			};
			name = Release;
		};
		17172CAD20CC33E000DE3134 /* Debug */ = {
			isa = XCBuildConfiguration;
			buildSettings = {
				ALWAYS_EMBED_SWIFT_STANDARD_LIBRARIES = YES;
				BUNDLE_LOADER = "$(TEST_HOST)";
				CODE_SIGN_STYLE = Automatic;
				DEVELOPMENT_TEAM = H9AG8MMMTC;
				INFOPLIST_FILE = TastOfHomeV3Tests/Info.plist;
				LD_RUNPATH_SEARCH_PATHS = (
					"$(inherited)",
					"@executable_path/Frameworks",
					"@loader_path/Frameworks",
				);
				PRODUCT_BUNDLE_IDENTIFIER = fchen.TastOfHomeV3Tests;
				PRODUCT_NAME = "$(TARGET_NAME)";
				SWIFT_VERSION = 4.0;
				TARGETED_DEVICE_FAMILY = "1,2";
				TEST_HOST = "$(BUILT_PRODUCTS_DIR)/TastOfHomeV3.app/TastOfHomeV3";
			};
			name = Debug;
		};
		17172CAE20CC33E000DE3134 /* Release */ = {
			isa = XCBuildConfiguration;
			buildSettings = {
				ALWAYS_EMBED_SWIFT_STANDARD_LIBRARIES = YES;
				BUNDLE_LOADER = "$(TEST_HOST)";
				CODE_SIGN_STYLE = Automatic;
				DEVELOPMENT_TEAM = H9AG8MMMTC;
				INFOPLIST_FILE = TastOfHomeV3Tests/Info.plist;
				LD_RUNPATH_SEARCH_PATHS = (
					"$(inherited)",
					"@executable_path/Frameworks",
					"@loader_path/Frameworks",
				);
				PRODUCT_BUNDLE_IDENTIFIER = fchen.TastOfHomeV3Tests;
				PRODUCT_NAME = "$(TARGET_NAME)";
				SWIFT_VERSION = 4.0;
				TARGETED_DEVICE_FAMILY = "1,2";
				TEST_HOST = "$(BUILT_PRODUCTS_DIR)/TastOfHomeV3.app/TastOfHomeV3";
			};
			name = Release;
		};
		17172CB020CC33E000DE3134 /* Debug */ = {
			isa = XCBuildConfiguration;
			buildSettings = {
				ALWAYS_EMBED_SWIFT_STANDARD_LIBRARIES = YES;
				CODE_SIGN_STYLE = Automatic;
				DEVELOPMENT_TEAM = H9AG8MMMTC;
				INFOPLIST_FILE = TastOfHomeV3UITests/Info.plist;
				LD_RUNPATH_SEARCH_PATHS = (
					"$(inherited)",
					"@executable_path/Frameworks",
					"@loader_path/Frameworks",
				);
				PRODUCT_BUNDLE_IDENTIFIER = fchen.TastOfHomeV3UITests;
				PRODUCT_NAME = "$(TARGET_NAME)";
				SWIFT_VERSION = 4.0;
				TARGETED_DEVICE_FAMILY = "1,2";
				TEST_TARGET_NAME = TastOfHomeV3;
			};
			name = Debug;
		};
		17172CB120CC33E000DE3134 /* Release */ = {
			isa = XCBuildConfiguration;
			buildSettings = {
				ALWAYS_EMBED_SWIFT_STANDARD_LIBRARIES = YES;
				CODE_SIGN_STYLE = Automatic;
				DEVELOPMENT_TEAM = H9AG8MMMTC;
				INFOPLIST_FILE = TastOfHomeV3UITests/Info.plist;
				LD_RUNPATH_SEARCH_PATHS = (
					"$(inherited)",
					"@executable_path/Frameworks",
					"@loader_path/Frameworks",
				);
				PRODUCT_BUNDLE_IDENTIFIER = fchen.TastOfHomeV3UITests;
				PRODUCT_NAME = "$(TARGET_NAME)";
				SWIFT_VERSION = 4.0;
				TARGETED_DEVICE_FAMILY = "1,2";
				TEST_TARGET_NAME = TastOfHomeV3;
			};
			name = Release;
		};
/* End XCBuildConfiguration section */

/* Begin XCConfigurationList section */
		17172C7C20CC33DE00DE3134 /* Build configuration list for PBXProject "TastOfHomeV3" */ = {
			isa = XCConfigurationList;
			buildConfigurations = (
				17172CA720CC33E000DE3134 /* Debug */,
				17172CA820CC33E000DE3134 /* Release */,
			);
			defaultConfigurationIsVisible = 0;
			defaultConfigurationName = Release;
		};
		17172CA920CC33E000DE3134 /* Build configuration list for PBXNativeTarget "TastOfHomeV3" */ = {
			isa = XCConfigurationList;
			buildConfigurations = (
				17172CAA20CC33E000DE3134 /* Debug */,
				17172CAB20CC33E000DE3134 /* Release */,
			);
			defaultConfigurationIsVisible = 0;
			defaultConfigurationName = Release;
		};
		17172CAC20CC33E000DE3134 /* Build configuration list for PBXNativeTarget "TastOfHomeV3Tests" */ = {
			isa = XCConfigurationList;
			buildConfigurations = (
				17172CAD20CC33E000DE3134 /* Debug */,
				17172CAE20CC33E000DE3134 /* Release */,
			);
			defaultConfigurationIsVisible = 0;
			defaultConfigurationName = Release;
		};
		17172CAF20CC33E000DE3134 /* Build configuration list for PBXNativeTarget "TastOfHomeV3UITests" */ = {
			isa = XCConfigurationList;
			buildConfigurations = (
				17172CB020CC33E000DE3134 /* Debug */,
				17172CB120CC33E000DE3134 /* Release */,
			);
			defaultConfigurationIsVisible = 0;
			defaultConfigurationName = Release;
		};
/* End XCConfigurationList section */
	};
	rootObject = 17172C7920CC33DE00DE3134 /* Project object */;
}
